
Microsoft Visual Studio Solution File, Format Version 12.00
# Visual Studio Version 17
VisualStudioVersion = 17.5.002.0
MinimumVisualStudioVersion = 10.0.40219.1
Project("{9A19103F-16F7-4668-BE54-9A1E7A4F7556}") = "bookshelf", "bookshelf.csproj", "{63E9274A-EC49-47F0-A83D-137600FAACD6}"
EndProject
Global
	GlobalSection(SolutionConfigurationPlatforms) = preSolution
		Debug|Any CPU = Debug|Any CPU
		Release|Any CPU = Release|Any CPU
	EndGlobalSection
	GlobalSection(ProjectConfigurationPlatforms) = postSolution
		{63E9274A-EC49-47F0-A83D-137600FAACD6}.Debug|Any CPU.ActiveCfg = Debug|Any CPU
		{63E9274A-EC49-47F0-A83D-137600FAACD6}.Debug|Any CPU.Build.0 = Debug|Any CPU
		{63E9274A-EC49-47F0-A83D-137600FAACD6}.Release|Any CPU.ActiveCfg = Release|Any CPU
		{63E9274A-EC49-47F0-A83D-137600FAACD6}.Release|Any CPU.Build.0 = Release|Any CPU
	EndGlobalSection
	GlobalSection(SolutionProperties) = preSolution
		HideSolutionNode = FALSE
	EndGlobalSection
	GlobalSection(ExtensibilityGlobals) = postSolution
		SolutionGuid = {4DD44829-69B3-4E7D-A1F4-69F2934FDE4C}
	EndGlobalSection
EndGlobal
